
Microsoft Visual Studio Solution File, Format Version 12.00
Project("{FAE04EC0-301F-11D3-BF4B-00C04F79EFBC}") = "CodeWarsTasks", "CodeWarsTasks\CodeWarsTasks.csproj", "{B195A456-AB42-49F9-9362-D6B6D75A760B}"
EndProject
Global
	GlobalSection(SolutionConfigurationPlatforms) = preSolution
		Debug|Any CPU = Debug|Any CPU
		Release|Any CPU = Release|Any CPU
	EndGlobalSection
	GlobalSection(ProjectConfigurationPlatforms) = postSolution
		{B195A456-AB42-49F9-9362-D6B6D75A760B}.Debug|Any CPU.ActiveCfg = Debug|Any CPU
		{B195A456-AB42-49F9-9362-D6B6D75A760B}.Debug|Any CPU.Build.0 = Debug|Any CPU
		{B195A456-AB42-49F9-9362-D6B6D75A760B}.Release|Any CPU.ActiveCfg = Release|Any CPU
		{B195A456-AB42-49F9-9362-D6B6D75A760B}.Release|Any CPU.Build.0 = Release|Any CPU
	EndGlobalSection
EndGlobal
